
Microsoft Visual Studio Solution File, Format Version 12.00
# Visual Studio Version 17
VisualStudioVersion = 17.7.34024.191
MinimumVisualStudioVersion = 10.0.40219.1
Project("{9A19103F-16F7-4668-BE54-9A1E7A4F7556}") = "FEIGWPFSoln", "FEIGWPFSoln.csproj", "{EB5CA302-6604-44BC-BF42-57AE0DD30DB3}"
EndProject
Project("{2150E333-8FDC-42A3-9474-1A3956D46DE8}") = "Solution Items", "Solution Items", "{E41FE245-448A-470A-81D3-86E266CCD5A6}"
EndProject
Global
	GlobalSection(SolutionConfigurationPlatforms) = preSolution
		Debug|Any CPU = Debug|Any CPU
		Debug|x64 = Debug|x64
		Release|Any CPU = Release|Any CPU
		Release|x64 = Release|x64
	EndGlobalSection
	GlobalSection(ProjectConfigurationPlatforms) = postSolution
		{EB5CA302-6604-44BC-BF42-57AE0DD30DB3}.Debug|Any CPU.ActiveCfg = Debug|Any CPU
		{EB5CA302-6604-44BC-BF42-57AE0DD30DB3}.Debug|Any CPU.Build.0 = Debug|Any CPU
		{EB5CA302-6604-44BC-BF42-57AE0DD30DB3}.Debug|x64.ActiveCfg = Debug|Any CPU
		{EB5CA302-6604-44BC-BF42-57AE0DD30DB3}.Debug|x64.Build.0 = Debug|Any CPU
		{EB5CA302-6604-44BC-BF42-57AE0DD30DB3}.Release|Any CPU.ActiveCfg = Release|x64
		{EB5CA302-6604-44BC-BF42-57AE0DD30DB3}.Release|Any CPU.Build.0 = Release|x64
		{EB5CA302-6604-44BC-BF42-57AE0DD30DB3}.Release|x64.ActiveCfg = Release|x64
		{EB5CA302-6604-44BC-BF42-57AE0DD30DB3}.Release|x64.Build.0 = Release|x64
	EndGlobalSection
	GlobalSection(SolutionProperties) = preSolution
		HideSolutionNode = FALSE
	EndGlobalSection
	GlobalSection(ExtensibilityGlobals) = postSolution
		SolutionGuid = {AF44364E-6BD8-4A5C-958A-36B98A0A9C8C}
	EndGlobalSection
EndGlobal
